// !$*UTF8*$!
{
	archiveVersion = 1;
	classes = {
	};
	objectVersion = 56;
	objects = {

/* Begin PBXBuildFile section */
		240088312AFAAE32000FDB39 /* AirbnbApp.swift in Sources */ = {isa = PBXBuildFile; fileRef = 240088302AFAAE32000FDB39 /* AirbnbApp.swift */; };
		240088332AFAAE32000FDB39 /* ContentView.swift in Sources */ = {isa = PBXBuildFile; fileRef = 240088322AFAAE32000FDB39 /* ContentView.swift */; };
		240088352AFAAE34000FDB39 /* Assets.xcassets in Resources */ = {isa = PBXBuildFile; fileRef = 240088342AFAAE34000FDB39 /* Assets.xcassets */; };
		240088382AFAAE34000FDB39 /* Preview Assets.xcassets in Resources */ = {isa = PBXBuildFile; fileRef = 240088372AFAAE34000FDB39 /* Preview Assets.xcassets */; };
		240088432AFAAEDF000FDB39 /* APIService.swift in Sources */ = {isa = PBXBuildFile; fileRef = 240088422AFAAEDF000FDB39 /* APIService.swift */; };
		240088452AFAAFDF000FDB39 /* AirbnbListingsView.swift in Sources */ = {isa = PBXBuildFile; fileRef = 240088442AFAAFDF000FDB39 /* AirbnbListingsView.swift */; };
		240088472AFAB0E3000FDB39 /* AirbnbListingsCardView.swift in Sources */ = {isa = PBXBuildFile; fileRef = 240088462AFAB0E3000FDB39 /* AirbnbListingsCardView.swift */; };
		240088492AFAB0FD000FDB39 /* AirbnbDetailView.swift in Sources */ = {isa = PBXBuildFile; fileRef = 240088482AFAB0FD000FDB39 /* AirbnbDetailView.swift */; };
		2400884B2AFAB43F000FDB39 /* AirbnbListingResponse.swift in Sources */ = {isa = PBXBuildFile; fileRef = 2400884A2AFAB43F000FDB39 /* AirbnbListingResponse.swift */; };
		2400884D2AFAB450000FDB39 /* AirbnbListing.swift in Sources */ = {isa = PBXBuildFile; fileRef = 2400884C2AFAB450000FDB39 /* AirbnbListing.swift */; };
		2400884F2AFADE13000FDB39 /* AirbnbListingsViewModel.swift in Sources */ = {isa = PBXBuildFile; fileRef = 2400884E2AFADE13000FDB39 /* AirbnbListingsViewModel.swift */; };
/* End PBXBuildFile section */

/* Begin PBXFileReference section */
		2400882D2AFAAE32000FDB39 /* Airbnb.app */ = {isa = PBXFileReference; explicitFileType = wrapper.application; includeInIndex = 0; path = Airbnb.app; sourceTree = BUILT_PRODUCTS_DIR; };
		240088302AFAAE32000FDB39 /* AirbnbApp.swift */ = {isa = PBXFileReference; lastKnownFileType = sourcecode.swift; path = AirbnbApp.swift; sourceTree = "<group>"; };
		240088322AFAAE32000FDB39 /* ContentView.swift */ = {isa = PBXFileReference; lastKnownFileType = sourcecode.swift; path = ContentView.swift; sourceTree = "<group>"; };
		240088342AFAAE34000FDB39 /* Assets.xcassets */ = {isa = PBXFileReference; lastKnownFileType = folder.assetcatalog; path = Assets.xcassets; sourceTree = "<group>"; };
		240088372AFAAE34000FDB39 /* Preview Assets.xcassets */ = {isa = PBXFileReference; lastKnownFileType = folder.assetcatalog; path = "Preview Assets.xcassets"; sourceTree = "<group>"; };
		240088422AFAAEDF000FDB39 /* APIService.swift */ = {isa = PBXFileReference; lastKnownFileType = sourcecode.swift; path = APIService.swift; sourceTree = "<group>"; };
		240088442AFAAFDF000FDB39 /* AirbnbListingsView.swift */ = {isa = PBXFileReference; lastKnownFileType = sourcecode.swift; path = AirbnbListingsView.swift; sourceTree = "<group>"; };
		240088462AFAB0E3000FDB39 /* AirbnbListingsCardView.swift */ = {isa = PBXFileReference; lastKnownFileType = sourcecode.swift; path = AirbnbListingsCardView.swift; sourceTree = "<group>"; };
		240088482AFAB0FD000FDB39 /* AirbnbDetailView.swift */ = {isa = PBXFileReference; lastKnownFileType = sourcecode.swift; path = AirbnbDetailView.swift; sourceTree = "<group>"; };
		2400884A2AFAB43F000FDB39 /* AirbnbListingResponse.swift */ = {isa = PBXFileReference; lastKnownFileType = sourcecode.swift; path = AirbnbListingResponse.swift; sourceTree = "<group>"; };
		2400884C2AFAB450000FDB39 /* AirbnbListing.swift */ = {isa = PBXFileReference; lastKnownFileType = sourcecode.swift; path = AirbnbListing.swift; sourceTree = "<group>"; };
		2400884E2AFADE13000FDB39 /* AirbnbListingsViewModel.swift */ = {isa = PBXFileReference; lastKnownFileType = sourcecode.swift; path = AirbnbListingsViewModel.swift; sourceTree = "<group>"; };
/* End PBXFileReference section */

/* Begin PBXFrameworksBuildPhase section */
		2400882A2AFAAE32000FDB39 /* Frameworks */ = {
			isa = PBXFrameworksBuildPhase;
			buildActionMask = 2147483647;
			files = (
			);
			runOnlyForDeploymentPostprocessing = 0;
		};
/* End PBXFrameworksBuildPhase section */

/* Begin PBXGroup section */
		240088242AFAAE32000FDB39 = {
			isa = PBXGroup;
			children = (
				2400882F2AFAAE32000FDB39 /* Airbnb */,
				2400882E2AFAAE32000FDB39 /* Products */,
			);
			sourceTree = "<group>";
		};
		2400882E2AFAAE32000FDB39 /* Products */ = {
			isa = PBXGroup;
			children = (
				2400882D2AFAAE32000FDB39 /* Airbnb.app */,
			);
			name = Products;
			sourceTree = "<group>";
		};
		2400882F2AFAAE32000FDB39 /* Airbnb */ = {
			isa = PBXGroup;
			children = (
				240088412AFAAE95000FDB39 /* Services */,
				240088402AFAAE89000FDB39 /* Model */,
				2400883F2AFAAE7C000FDB39 /* ViewModel */,
				2400883E2AFAAE71000FDB39 /* View */,
				240088302AFAAE32000FDB39 /* AirbnbApp.swift */,
				240088342AFAAE34000FDB39 /* Assets.xcassets */,
				240088362AFAAE34000FDB39 /* Preview Content */,
			);
			path = Airbnb;
			sourceTree = "<group>";
		};
		240088362AFAAE34000FDB39 /* Preview Content */ = {
			isa = PBXGroup;
			children = (
				240088372AFAAE34000FDB39 /* Preview Assets.xcassets */,
			);
			path = "Preview Content";
			sourceTree = "<group>";
		};
		2400883E2AFAAE71000FDB39 /* View */ = {
			isa = PBXGroup;
			children = (
				240088322AFAAE32000FDB39 /* ContentView.swift */,
				240088442AFAAFDF000FDB39 /* AirbnbListingsView.swift */,
				240088462AFAB0E3000FDB39 /* AirbnbListingsCardView.swift */,
				240088482AFAB0FD000FDB39 /* AirbnbDetailView.swift */,
			);
			path = View;
			sourceTree = "<group>";
		};
		2400883F2AFAAE7C000FDB39 /* ViewModel */ = {
			isa = PBXGroup;
			children = (
				2400884E2AFADE13000FDB39 /* AirbnbListingsViewModel.swift */,
			);
			path = ViewModel;
			sourceTree = "<group>";
		};
		240088402AFAAE89000FDB39 /* Model */ = {
			isa = PBXGroup;
			children = (
				2400884A2AFAB43F000FDB39 /* AirbnbListingResponse.swift */,
				2400884C2AFAB450000FDB39 /* AirbnbListing.swift */,
			);
			path = Model;
			sourceTree = "<group>";
		};
		240088412AFAAE95000FDB39 /* Services */ = {
			isa = PBXGroup;
			children = (
				240088422AFAAEDF000FDB39 /* APIService.swift */,
			);
			path = Services;
			sourceTree = "<group>";
		};
/* End PBXGroup section */

/* Begin PBXNativeTarget section */
		2400882C2AFAAE32000FDB39 /* Airbnb */ = {
			isa = PBXNativeTarget;
			buildConfigurationList = 2400883B2AFAAE34000FDB39 /* Build configuration list for PBXNativeTarget "Airbnb" */;
			buildPhases = (
				240088292AFAAE32000FDB39 /* Sources */,
				2400882A2AFAAE32000FDB39 /* Frameworks */,
				2400882B2AFAAE32000FDB39 /* Resources */,
			);
			buildRules = (
			);
			dependencies = (
			);
			name = Airbnb;
			productName = Airbnb;
			productReference = 2400882D2AFAAE32000FDB39 /* Airbnb.app */;
			productType = "com.apple.product-type.application";
		};
/* End PBXNativeTarget section */

/* Begin PBXProject section */
		240088252AFAAE32000FDB39 /* Project object */ = {
			isa = PBXProject;
			attributes = {
				BuildIndependentTargetsInParallel = 1;
				LastSwiftUpdateCheck = 1430;
				LastUpgradeCheck = 1430;
				TargetAttributes = {
					2400882C2AFAAE32000FDB39 = {
						CreatedOnToolsVersion = 14.3;
					};
				};
			};
			buildConfigurationList = 240088282AFAAE32000FDB39 /* Build configuration list for PBXProject "Airbnb" */;
			compatibilityVersion = "Xcode 14.0";
			developmentRegion = en;
			hasScannedForEncodings = 0;
			knownRegions = (
				en,
				Base,
			);
			mainGroup = 240088242AFAAE32000FDB39;
			productRefGroup = 2400882E2AFAAE32000FDB39 /* Products */;
			projectDirPath = "";
			projectRoot = "";
			targets = (
				2400882C2AFAAE32000FDB39 /* Airbnb */,
			);
		};
/* End PBXProject section */

/* Begin PBXResourcesBuildPhase section */
		2400882B2AFAAE32000FDB39 /* Resources */ = {
			isa = PBXResourcesBuildPhase;
			buildActionMask = 2147483647;
			files = (
				240088382AFAAE34000FDB39 /* Preview Assets.xcassets in Resources */,
				240088352AFAAE34000FDB39 /* Assets.xcassets in Resources */,
			);
			runOnlyForDeploymentPostprocessing = 0;
		};
/* End PBXResourcesBuildPhase section */

/* Begin PBXSourcesBuildPhase section */
		240088292AFAAE32000FDB39 /* Sources */ = {
			isa = PBXSourcesBuildPhase;
			buildActionMask = 2147483647;
			files = (
				240088472AFAB0E3000FDB39 /* AirbnbListingsCardView.swift in Sources */,
				2400884F2AFADE13000FDB39 /* AirbnbListingsViewModel.swift in Sources */,
				240088492AFAB0FD000FDB39 /* AirbnbDetailView.swift in Sources */,
				240088332AFAAE32000FDB39 /* ContentView.swift in Sources */,
				240088452AFAAFDF000FDB39 /* AirbnbListingsView.swift in Sources */,
				2400884B2AFAB43F000FDB39 /* AirbnbListingResponse.swift in Sources */,
				240088432AFAAEDF000FDB39 /* APIService.swift in Sources */,
				2400884D2AFAB450000FDB39 /* AirbnbListing.swift in Sources */,
				240088312AFAAE32000FDB39 /* AirbnbApp.swift in Sources */,
			);
			runOnlyForDeploymentPostprocessing = 0;
		};
/* End PBXSourcesBuildPhase section */

/* Begin XCBuildConfiguration section */
		240088392AFAAE34000FDB39 /* Debug */ = {
			isa = XCBuildConfiguration;
			buildSettings = {
				ALWAYS_SEARCH_USER_PATHS = NO;
				CLANG_ANALYZER_NONNULL = YES;
				CLANG_ANALYZER_NUMBER_OBJECT_CONVERSION = YES_AGGRESSIVE;
				CLANG_CXX_LANGUAGE_STANDARD = "gnu++20";
				CLANG_ENABLE_MODULES = YES;
				CLANG_ENABLE_OBJC_ARC = YES;
				CLANG_ENABLE_OBJC_WEAK = YES;
				CLANG_WARN_BLOCK_CAPTURE_AUTORELEASING = YES;
				CLANG_WARN_BOOL_CONVERSION = YES;
				CLANG_WARN_COMMA = YES;
				CLANG_WARN_CONSTANT_CONVERSION = YES;
				CLANG_WARN_DEPRECATED_OBJC_IMPLEMENTATIONS = YES;
				CLANG_WARN_DIRECT_OBJC_ISA_USAGE = YES_ERROR;
				CLANG_WARN_DOCUMENTATION_COMMENTS = YES;
				CLANG_WARN_EMPTY_BODY = YES;
				CLANG_WARN_ENUM_CONVERSION = YES;
				CLANG_WARN_INFINITE_RECURSION = YES;
				CLANG_WARN_INT_CONVERSION = YES;
				CLANG_WARN_NON_LITERAL_NULL_CONVERSION = YES;
				CLANG_WARN_OBJC_IMPLICIT_RETAIN_SELF = YES;
				CLANG_WARN_OBJC_LITERAL_CONVERSION = YES;
				CLANG_WARN_OBJC_ROOT_CLASS = YES_ERROR;
				CLANG_WARN_QUOTED_INCLUDE_IN_FRAMEWORK_HEADER = YES;
				CLANG_WARN_RANGE_LOOP_ANALYSIS = YES;
				CLANG_WARN_STRICT_PROTOTYPES = YES;
				CLANG_WARN_SUSPICIOUS_MOVE = YES;
				CLANG_WARN_UNGUARDED_AVAILABILITY = YES_AGGRESSIVE;
				CLANG_WARN_UNREACHABLE_CODE = YES;
				CLANG_WARN__DUPLICATE_METHOD_MATCH = YES;
				COPY_PHASE_STRIP = NO;
				DEBUG_INFORMATION_FORMAT = dwarf;
				ENABLE_STRICT_OBJC_MSGSEND = YES;
				ENABLE_TESTABILITY = YES;
				GCC_C_LANGUAGE_STANDARD = gnu11;
				GCC_DYNAMIC_NO_PIC = NO;
				GCC_NO_COMMON_BLOCKS = YES;
				GCC_OPTIMIZATION_LEVEL = 0;
				GCC_PREPROCESSOR_DEFINITIONS = (
					"DEBUG=1",
					"$(inherited)",
				);
				GCC_WARN_64_TO_32_BIT_CONVERSION = YES;
				GCC_WARN_ABOUT_RETURN_TYPE = YES_ERROR;
				GCC_WARN_UNDECLARED_SELECTOR = YES;
				GCC_WARN_UNINITIALIZED_AUTOS = YES_AGGRESSIVE;
				GCC_WARN_UNUSED_FUNCTION = YES;
				GCC_WARN_UNUSED_VARIABLE = YES;
				IPHONEOS_DEPLOYMENT_TARGET = 16.4;
				MTL_ENABLE_DEBUG_INFO = INCLUDE_SOURCE;
				MTL_FAST_MATH = YES;
				ONLY_ACTIVE_ARCH = YES;
				SDKROOT = iphoneos;
				SWIFT_ACTIVE_COMPILATION_CONDITIONS = DEBUG;
				SWIFT_OPTIMIZATION_LEVEL = "-Onone";
			};
			name = Debug;
		};
		2400883A2AFAAE34000FDB39 /* Release */ = {
			isa = XCBuildConfiguration;
			buildSettings = {
				ALWAYS_SEARCH_USER_PATHS = NO;
				CLANG_ANALYZER_NONNULL = YES;
				CLANG_ANALYZER_NUMBER_OBJECT_CONVERSION = YES_AGGRESSIVE;
				CLANG_CXX_LANGUAGE_STANDARD = "gnu++20";
				CLANG_ENABLE_MODULES = YES;
				CLANG_ENABLE_OBJC_ARC = YES;
				CLANG_ENABLE_OBJC_WEAK = YES;
				CLANG_WARN_BLOCK_CAPTURE_AUTORELEASING = YES;
				CLANG_WARN_BOOL_CONVERSION = YES;
				CLANG_WARN_COMMA = YES;
				CLANG_WARN_CONSTANT_CONVERSION = YES;
				CLANG_WARN_DEPRECATED_OBJC_IMPLEMENTATIONS = YES;
				CLANG_WARN_DIRECT_OBJC_ISA_USAGE = YES_ERROR;
				CLANG_WARN_DOCUMENTATION_COMMENTS = YES;
				CLANG_WARN_EMPTY_BODY = YES;
				CLANG_WARN_ENUM_CONVERSION = YES;
				CLANG_WARN_INFINITE_RECURSION = YES;
				CLANG_WARN_INT_CONVERSION = YES;
				CLANG_WARN_NON_LITERAL_NULL_CONVERSION = YES;
				CLANG_WARN_OBJC_IMPLICIT_RETAIN_SELF = YES;
				CLANG_WARN_OBJC_LITERAL_CONVERSION = YES;
				CLANG_WARN_OBJC_ROOT_CLASS = YES_ERROR;
				CLANG_WARN_QUOTED_INCLUDE_IN_FRAMEWORK_HEADER = YES;
				CLANG_WARN_RANGE_LOOP_ANALYSIS = YES;
				CLANG_WARN_STRICT_PROTOTYPES = YES;
				CLANG_WARN_SUSPICIOUS_MOVE = YES;
				CLANG_WARN_UNGUARDED_AVAILABILITY = YES_AGGRESSIVE;
				CLANG_WARN_UNREACHABLE_CODE = YES;
				CLANG_WARN__DUPLICATE_METHOD_MATCH = YES;
				COPY_PHASE_STRIP = NO;
				DEBUG_INFORMATION_FORMAT = "dwarf-with-dsym";
				ENABLE_NS_ASSERTIONS = NO;
				ENABLE_STRICT_OBJC_MSGSEND = YES;
				GCC_C_LANGUAGE_STANDARD = gnu11;
				GCC_NO_COMMON_BLOCKS = YES;
				GCC_WARN_64_TO_32_BIT_CONVERSION = YES;
				GCC_WARN_ABOUT_RETURN_TYPE = YES_ERROR;
				GCC_WARN_UNDECLARED_SELECTOR = YES;
				GCC_WARN_UNINITIALIZED_AUTOS = YES_AGGRESSIVE;
				GCC_WARN_UNUSED_FUNCTION = YES;
				GCC_WARN_UNUSED_VARIABLE = YES;
				IPHONEOS_DEPLOYMENT_TARGET = 16.4;
				MTL_ENABLE_DEBUG_INFO = NO;
				MTL_FAST_MATH = YES;
				SDKROOT = iphoneos;
				SWIFT_COMPILATION_MODE = wholemodule;
				SWIFT_OPTIMIZATION_LEVEL = "-O";
				VALIDATE_PRODUCT = YES;
			};
			name = Release;
		};
		2400883C2AFAAE34000FDB39 /* Debug */ = {
			isa = XCBuildConfiguration;
			buildSettings = {
				ASSETCATALOG_COMPILER_APPICON_NAME = AppIcon;
				ASSETCATALOG_COMPILER_GLOBAL_ACCENT_COLOR_NAME = AccentColor;
				CODE_SIGN_STYLE = Automatic;
				CURRENT_PROJECT_VERSION = 1;
				DEVELOPMENT_ASSET_PATHS = "\"Airbnb/Preview Content\"";
				ENABLE_PREVIEWS = YES;
				GENERATE_INFOPLIST_FILE = YES;
				INFOPLIST_KEY_UIApplicationSceneManifest_Generation = YES;
				INFOPLIST_KEY_UIApplicationSupportsIndirectInputEvents = YES;
				INFOPLIST_KEY_UILaunchScreen_Generation = YES;
				INFOPLIST_KEY_UISupportedInterfaceOrientations_iPad = "UIInterfaceOrientationPortrait UIInterfaceOrientationPortraitUpsideDown UIInterfaceOrientationLandscapeLeft UIInterfaceOrientationLandscapeRight";
				INFOPLIST_KEY_UISupportedInterfaceOrientations_iPhone = "UIInterfaceOrientationPortrait UIInterfaceOrientationLandscapeLeft UIInterfaceOrientationLandscapeRight";
				LD_RUNPATH_SEARCH_PATHS = (
					"$(inherited)",
					"@executable_path/Frameworks",
				);
				MARKETING_VERSION = 1.0;
				PRODUCT_BUNDLE_IDENTIFIER = testapp.Airbnb;
				PRODUCT_NAME = "$(TARGET_NAME)";
				SWIFT_EMIT_LOC_STRINGS = YES;
				SWIFT_VERSION = 5.0;
				TARGETED_DEVICE_FAMILY = "1,2";
			};
			name = Debug;
		};
		2400883D2AFAAE34000FDB39 /* Release */ = {
			isa = XCBuildConfiguration;
			buildSettings = {
				ASSETCATALOG_COMPILER_APPICON_NAME = AppIcon;
				ASSETCATALOG_COMPILER_GLOBAL_ACCENT_COLOR_NAME = AccentColor;
				CODE_SIGN_STYLE = Automatic;
				CURRENT_PROJECT_VERSION = 1;
				DEVELOPMENT_ASSET_PATHS = "\"Airbnb/Preview Content\"";
				ENABLE_PREVIEWS = YES;
				GENERATE_INFOPLIST_FILE = YES;
				INFOPLIST_KEY_UIApplicationSceneManifest_Generation = YES;
				INFOPLIST_KEY_UIApplicationSupportsIndirectInputEvents = YES;
				INFOPLIST_KEY_UILaunchScreen_Generation = YES;
				INFOPLIST_KEY_UISupportedInterfaceOrientations_iPad = "UIInterfaceOrientationPortrait UIInterfaceOrientationPortraitUpsideDown UIInterfaceOrientationLandscapeLeft UIInterfaceOrientationLandscapeRight";
				INFOPLIST_KEY_UISupportedInterfaceOrientations_iPhone = "UIInterfaceOrientationPortrait UIInterfaceOrientationLandscapeLeft UIInterfaceOrientationLandscapeRight";
				LD_RUNPATH_SEARCH_PATHS = (
					"$(inherited)",
					"@executable_path/Frameworks",
				);
				MARKETING_VERSION = 1.0;
				PRODUCT_BUNDLE_IDENTIFIER = testapp.Airbnb;
				PRODUCT_NAME = "$(TARGET_NAME)";
				SWIFT_EMIT_LOC_STRINGS = YES;
				SWIFT_VERSION = 5.0;
				TARGETED_DEVICE_FAMILY = "1,2";
			};
			name = Release;
		};
/* End XCBuildConfiguration section */

/* Begin XCConfigurationList section */
		240088282AFAAE32000FDB39 /* Build configuration list for PBXProject "Airbnb" */ = {
			isa = XCConfigurationList;
			buildConfigurations = (
				240088392AFAAE34000FDB39 /* Debug */,
				2400883A2AFAAE34000FDB39 /* Release */,
			);
			defaultConfigurationIsVisible = 0;
			defaultConfigurationName = Release;
		};
		2400883B2AFAAE34000FDB39 /* Build configuration list for PBXNativeTarget "Airbnb" */ = {
			isa = XCConfigurationList;
			buildConfigurations = (
				2400883C2AFAAE34000FDB39 /* Debug */,
				2400883D2AFAAE34000FDB39 /* Release */,
			);
			defaultConfigurationIsVisible = 0;
			defaultConfigurationName = Release;
		};
/* End XCConfigurationList section */
	};
	rootObject = 240088252AFAAE32000FDB39 /* Project object */;
}
